// !$*UTF8*$!
{
	archiveVersion = 1;
	classes = {
	};
	objectVersion = 46;
	objects = {

/* Begin PBXBuildFile section */
		9D0EF1CA1BFEE1BD002C687E /* CDWheelConnectionViewController.swift in Sources */ = {isa = PBXBuildFile; fileRef = 9D0EF1C81BFEE1BD002C687E /* CDWheelConnectionViewController.swift */; };
		9D0EF1CD1BFEE406002C687E /* CDAppDelegate.swift in Sources */ = {isa = PBXBuildFile; fileRef = 9D0EF1CC1BFEE406002C687E /* CDAppDelegate.swift */; };
		9D117A1F1A0497B90045C12B /* colorpalettes.cpp in Sources */ = {isa = PBXBuildFile; fileRef = 9DCE4EC419D52D27002664D9 /* colorpalettes.cpp */; };
		9D1612ED1C3CB0AD00B7A890 /* CDPatternRunner.mm in Sources */ = {isa = PBXBuildFile; fileRef = 9D1612EC1C3CB0AD00B7A890 /* CDPatternRunner.mm */; };
		9D1E1AE71C2DA292002BD920 /* CDTimelineTrackView.swift in Sources */ = {isa = PBXBuildFile; fileRef = 9D1E1AE61C2DA292002BD920 /* CDTimelineTrackView.swift */; };
		9D211A1E1C3A438A006A75FC /* CDPatternItemNames.m in Sources */ = {isa = PBXBuildFile; fileRef = 9D211A1D1C3A438A006A75FC /* CDPatternItemNames.m */; };
		9D2217791C2DB0660046D72C /* CDTimelineTrackItemView.swift in Sources */ = {isa = PBXBuildFile; fileRef = 9D2217781C2DB0660046D72C /* CDTimelineTrackItemView.swift */; };
		9D47259E1CBAAB8800BCEE71 /* CDThemeColors.swift in Sources */ = {isa = PBXBuildFile; fileRef = 9D47259D1CBAAB8800BCEE71 /* CDThemeColors.swift */; };
		9D49CD471CB9E51700C170A8 /* CDTimelineView.swift in Sources */ = {isa = PBXBuildFile; fileRef = 9D49CD461CB9E51700C170A8 /* CDTimelineView.swift */; };
		9D49CD491CB9E5E300C170A8 /* CDBorderedView.swift in Sources */ = {isa = PBXBuildFile; fileRef = 9D49CD481CB9E5E300C170A8 /* CDBorderedView.swift */; };
		9D4FCB30193C29DB0000DE28 /* CDSimulatorLEDPatterns.cpp in Sources */ = {isa = PBXBuildFile; fileRef = 9D4FCB2E193C29DB0000DE28 /* CDSimulatorLEDPatterns.cpp */; };
		9D4FCB33193C2E090000DE28 /* colorutils.cpp in Sources */ = {isa = PBXBuildFile; fileRef = 9D4FCB31193C2E090000DE28 /* colorutils.cpp */; };
		9D4FCB36193C2E100000DE28 /* hsv2rgb.cpp in Sources */ = {isa = PBXBuildFile; fileRef = 9D4FCB34193C2E100000DE28 /* hsv2rgb.cpp */; };
		9D500A2518BD88E8003BD8C2 /* CDEncodedColorTransformer.mm in Sources */ = {isa = PBXBuildFile; fileRef = 9D500A2418BD88E8003BD8C2 /* CDEncodedColorTransformer.mm */; };
		9D5855D01CB0449000971D64 /* CDDesktopWheelConnection.swift in Sources */ = {isa = PBXBuildFile; fileRef = 9D5855CF1CB0449000971D64 /* CDDesktopWheelConnection.swift */; };
		9D59B4FD1CBA1078007833CF /* CDTimecodeView.swift in Sources */ = {isa = PBXBuildFile; fileRef = 9D59B4FC1CBA1078007833CF /* CDTimecodeView.swift */; };
		9D62EAAF1C332C1500BFB916 /* CDPatternEditorWindowController2.swift in Sources */ = {isa = PBXBuildFile; fileRef = 9D62EAAE1C332C1500BFB916 /* CDPatternEditorWindowController2.swift */; };
		9D62EAB11C332C2D00BFB916 /* CDPatternEditorContentViewController.swift in Sources */ = {isa = PBXBuildFile; fileRef = 9D62EAB01C332C2D00BFB916 /* CDPatternEditorContentViewController.swift */; };
		9D6408171C55C73D006D3083 /* CDNoWidthSplitView.swift in Sources */ = {isa = PBXBuildFile; fileRef = 9D6408161C55C73D006D3083 /* CDNoWidthSplitView.swift */; };
		9D683E2C1C0FF0AC0058EFA0 /* CDRolloverButton.swift in Sources */ = {isa = PBXBuildFile; fileRef = 9D683E2B1C0FF0AC0058EFA0 /* CDRolloverButton.swift */; };
		9D684ABC1C128F780058EFA0 /* Patterns.framework in CopyFiles */ = {isa = PBXBuildFile; fileRef = 9D684ABA1C128F5F0058EFA0 /* Patterns.framework */; settings = {ATTRIBUTES = (CodeSignOnCopy, RemoveHeadersOnCopy, ); }; };
		9D684AC51C17E77C0058EFA0 /* CDLazyBitmap.cpp in Sources */ = {isa = PBXBuildFile; fileRef = 9D684AC31C17E77C0058EFA0 /* CDLazyBitmap.cpp */; };
		9D7995C71C537DB8008D5818 /* CDPatternImagesOutlineViewController.swift in Sources */ = {isa = PBXBuildFile; fileRef = 9D7995C61C537DB8008D5818 /* CDPatternImagesOutlineViewController.swift */; };
		9D84FEB71C643CD8004165A9 /* CDPatternImagesEditorOutlineViewController.swift in Sources */ = {isa = PBXBuildFile; fileRef = 9D84FEB61C643CD8004165A9 /* CDPatternImagesEditorOutlineViewController.swift */; };
		9D84FEB91C643DFA004165A9 /* CDPatternImagesPlayerOutlineViewController.swift in Sources */ = {isa = PBXBuildFile; fileRef = 9D84FEB81C643DFA004165A9 /* CDPatternImagesPlayerOutlineViewController.swift */; };
		9D84FEBD1C65AF52004165A9 /* CDWheelPlayerSplitViewController.swift in Sources */ = {isa = PBXBuildFile; fileRef = 9D84FEBC1C65AF52004165A9 /* CDWheelPlayerSplitViewController.swift */; };
		9D8F58F91C1C7C3D00826D8D /* SdFat.cpp in Sources */ = {isa = PBXBuildFile; fileRef = 9D8F58F41C1C7C3D00826D8D /* SdFat.cpp */; };
		9D8F58FB1C1C7C7700826D8D /* SdFatUtil.cpp in Sources */ = {isa = PBXBuildFile; fileRef = 9D8F58FA1C1C7C7700826D8D /* SdFatUtil.cpp */; };
		9D8F58FE1C1CA9CD00826D8D /* FatFile.cpp in Sources */ = {isa = PBXBuildFile; fileRef = 9D8F58FC1C1CA9CD00826D8D /* FatFile.cpp */; };
		9D931EB01C33B4B70065222F /* CDTimelineTrackViewController.swift in Sources */ = {isa = PBXBuildFile; fileRef = 9D931EAF1C33B4B70065222F /* CDTimelineTrackViewController.swift */; };
		9D931EB21C35AFD80065222F /* CDSequenceChildrenObserver.swift in Sources */ = {isa = PBXBuildFile; fileRef = 9D931EB11C35AFD80065222F /* CDSequenceChildrenObserver.swift */; };
		9D931EB41C35D0B80065222F /* CDPatternSequenceSplitViewController.swift in Sources */ = {isa = PBXBuildFile; fileRef = 9D931EB31C35D0B80065222F /* CDPatternSequenceSplitViewController.swift */; };
		9D931EB61C35F91B0065222F /* CDSplitView.swift in Sources */ = {isa = PBXBuildFile; fileRef = 9D931EB51C35F91B0065222F /* CDSplitView.swift */; };
		9D97757B1BFEEB9D002D78EE /* Main.storyboard in Resources */ = {isa = PBXBuildFile; fileRef = 9D9775791BFEEB9D002D78EE /* Main.storyboard */; };
		9D97757F1C005BB3002D78EE /* CDWheelConnectionWindowController.swift in Sources */ = {isa = PBXBuildFile; fileRef = 9D97757E1C005BB3002D78EE /* CDWheelConnectionWindowController.swift */; };
		9D9775811C0175C6002D78EE /* CDWheelConnectionChooserViewController.swift in Sources */ = {isa = PBXBuildFile; fileRef = 9D9775801C0175C6002D78EE /* CDWheelConnectionChooserViewController.swift */; };
		9D9775831C0223E3002D78EE /* CDWheelConnection.swift in Sources */ = {isa = PBXBuildFile; fileRef = 9D9775821C0223E3002D78EE /* CDWheelConnection.swift */; };
		9DA21BA21C3C9A200047E8C1 /* CDWheelPreviewViewController.swift in Sources */ = {isa = PBXBuildFile; fileRef = 9DA21BA11C3C9A200047E8C1 /* CDWheelPreviewViewController.swift */; };
		9DA685B219417089003631F6 /* LEDPatterns.cpp in Sources */ = {isa = PBXBuildFile; fileRef = 9DA685B119417089003631F6 /* LEDPatterns.cpp */; };
		9DA685B4194176B6003631F6 /* lib8tion.cpp in Sources */ = {isa = PBXBuildFile; fileRef = 9DA685B3194176B6003631F6 /* lib8tion.cpp */; };
		9DB503931C7EAAA00079155D /* CDBaseOrientation.cpp in Sources */ = {isa = PBXBuildFile; fileRef = 9DB503911C7EAAA00079155D /* CDBaseOrientation.cpp */; };
		9DBB2A7518A2F21A00C44C7C /* CDPatternSimulatorWindowController.mm in Sources */ = {isa = PBXBuildFile; fileRef = 9DBB2A7318A2F21A00C44C7C /* CDPatternSimulatorWindowController.mm */; };
		9DBB2A7618A2F21A00C44C7C /* CDPatternSimulatorWindowController.xib in Resources */ = {isa = PBXBuildFile; fileRef = 9DBB2A7418A2F21A00C44C7C /* CDPatternSimulatorWindowController.xib */; };
		9DBB2A7D18A2F4E000C44C7C /* CDPatternSimulatorDocument.mm in Sources */ = {isa = PBXBuildFile; fileRef = 9DBB2A7B18A2F4E000C44C7C /* CDPatternSimulatorDocument.mm */; };
		9DBD17791C7429ED00670FCC /* CDWheelFileManagerViewController.swift in Sources */ = {isa = PBXBuildFile; fileRef = 9DBD17781C7429ED00670FCC /* CDWheelFileManagerViewController.swift */; };
		9DBD8040189B525300A6A067 /* CDPatternItemViewController.mm in Sources */ = {isa = PBXBuildFile; fileRef = 9DBD803E189B525300A6A067 /* CDPatternItemViewController.mm */; };
		9DBD8041189B525300A6A067 /* CDPatternItemViewController.xib in Resources */ = {isa = PBXBuildFile; fileRef = 9DBD803F189B525300A6A067 /* CDPatternItemViewController.xib */; };
		9DBD8047189B66FA00A6A067 /* CDPatternSequence.mm in Sources */ = {isa = PBXBuildFile; fileRef = 9DBD8046189B66FA00A6A067 /* CDPatternSequence.mm */; };
		9DBD804A189C9FB200A6A067 /* CDPatternDataToImageTransformer.mm in Sources */ = {isa = PBXBuildFile; fileRef = 9DBD8049189C9FB200A6A067 /* CDPatternDataToImageTransformer.mm */; };
		9DBD804D189D792100A6A067 /* CDPatternEditTableView.mm in Sources */ = {isa = PBXBuildFile; fileRef = 9DBD804C189D792100A6A067 /* CDPatternEditTableView.mm */; };
		9DBE92C618A9210800154550 /* CDPatternSimSequenceViewController.mm in Sources */ = {isa = PBXBuildFile; fileRef = 9DBE92C418A9210800154550 /* CDPatternSimSequenceViewController.mm */; };
		9DBE92C718A9210800154550 /* CDPatternSimSequenceViewController.xib in Resources */ = {isa = PBXBuildFile; fileRef = 9DBE92C518A9210800154550 /* CDPatternSimSequenceViewController.xib */; };
		9DBE92D218AB379700154550 /* Adafruit_NeoPixel.cpp in Sources */ = {isa = PBXBuildFile; fileRef = 9DBE92D018AB379700154550 /* Adafruit_NeoPixel.cpp */; };
		9DBE92D518ACE19900154550 /* CDCyrWheelView.mm in Sources */ = {isa = PBXBuildFile; fileRef = 9DBE92D418ACE19900154550 /* CDCyrWheelView.mm */; };
		9DBEC63618A2FF0D00A05FB7 /* CWPatternSequenceManager.cpp in Sources */ = {isa = PBXBuildFile; fileRef = 9DBEC63518A2FF0D00A05FB7 /* CWPatternSequenceManager.cpp */; };
		9DBEC64318A3071C00A05FB7 /* Arduino.cpp in Sources */ = {isa = PBXBuildFile; fileRef = 9DBEC64218A3071C00A05FB7 /* Arduino.cpp */; };
		9DCE4EBE19D3B62C002664D9 /* MappingModel.xcmappingmodel in Sources */ = {isa = PBXBuildFile; fileRef = 9DCE4EBD19D3B62C002664D9 /* MappingModel.xcmappingmodel */; };
		9DCE4EC119D4F349002664D9 /* CDTimeValueTransformer.m in Sources */ = {isa = PBXBuildFile; fileRef = 9DCE4EC019D4F349002664D9 /* CDTimeValueTransformer.m */; };
		9DD0BFAD1C4F1DBB00C1DA43 /* CDPatternEditorBottomBar.swift in Sources */ = {isa = PBXBuildFile; fileRef = 9DD0BFAC1C4F1DBB00C1DA43 /* CDPatternEditorBottomBar.swift */; };
		9DD0BFAF1C4F2F1B00C1DA43 /* CDPatternSequenceProtocols.swift in Sources */ = {isa = PBXBuildFile; fileRef = 9DD0BFAE1C4F2F1B00C1DA43 /* CDPatternSequenceProtocols.swift */; };
		9DE5C4D71C66590200E0B96C /* CDWheelPlayerDetailViewController.swift in Sources */ = {isa = PBXBuildFile; fileRef = 9DE5C4D61C66590200E0B96C /* CDWheelPlayerDetailViewController.swift */; };
		9DE5C4D91C67A93200E0B96C /* CDPatternItemHeaderWrapper.swift in Sources */ = {isa = PBXBuildFile; fileRef = 9DE5C4D81C67A93200E0B96C /* CDPatternItemHeaderWrapper.swift */; };
		9DE5C4DB1C67AA0700E0B96C /* DarkOutlineView.swift in Sources */ = {isa = PBXBuildFile; fileRef = 9DE5C4DA1C67AA0700E0B96C /* DarkOutlineView.swift */; };
		9DE5C4DD1C698B7C00E0B96C /* CDEditorCyrWheelViewController.swift in Sources */ = {isa = PBXBuildFile; fileRef = 9DE5C4DC1C698B7C00E0B96C /* CDEditorCyrWheelViewController.swift */; };
		9DF0DBA71C39E4FD009ACE1C /* CDPatternItemDetailViewController.swift in Sources */ = {isa = PBXBuildFile; fileRef = 9DF0DBA61C39E4FD009ACE1C /* CDPatternItemDetailViewController.swift */; };
		9DFBAC111888EDFC00737C2F /* Cocoa.framework in Frameworks */ = {isa = PBXBuildFile; fileRef = 9DFBAC101888EDFC00737C2F /* Cocoa.framework */; };
		9DFBAC1B1888EDFC00737C2F /* InfoPlist.strings in Resources */ = {isa = PBXBuildFile; fileRef = 9DFBAC191888EDFC00737C2F /* InfoPlist.strings */; };
		9DFBAC211888EDFC00737C2F /* Credits.rtf in Resources */ = {isa = PBXBuildFile; fileRef = 9DFBAC1F1888EDFC00737C2F /* Credits.rtf */; };
		9DFBAC241888EDFC00737C2F /* CDDocument.mm in Sources */ = {isa = PBXBuildFile; fileRef = 9DFBAC231888EDFC00737C2F /* CDDocument.mm */; };
		9DFBAC2A1888EDFC00737C2F /* MainMenu.xib in Resources */ = {isa = PBXBuildFile; fileRef = 9DFBAC281888EDFC00737C2F /* MainMenu.xib */; };
		9DFBAC2D1888EDFC00737C2F /* CDDocument.xcdatamodeld in Sources */ = {isa = PBXBuildFile; fileRef = 9DFBAC2B1888EDFC00737C2F /* CDDocument.xcdatamodeld */; };
		9DFBAC2F1888EDFC00737C2F /* Images.xcassets in Resources */ = {isa = PBXBuildFile; fileRef = 9DFBAC2E1888EDFC00737C2F /* Images.xcassets */; };
		9DFBAC371888EDFC00737C2F /* Cocoa.framework in Frameworks */ = {isa = PBXBuildFile; fileRef = 9DFBAC101888EDFC00737C2F /* Cocoa.framework */; };
		9DFBAC3F1888EDFC00737C2F /* InfoPlist.strings in Resources */ = {isa = PBXBuildFile; fileRef = 9DFBAC3D1888EDFC00737C2F /* InfoPlist.strings */; };
		9DFBAC411888EDFC00737C2F /* CyrWheelPatternEditorTests.m in Sources */ = {isa = PBXBuildFile; fileRef = 9DFBAC401888EDFC00737C2F /* CyrWheelPatternEditorTests.m */; };
		9DFBAC521888F03C00737C2F /* CDPatternItem.mm in Sources */ = {isa = PBXBuildFile; fileRef = 9DFBAC511888F03C00737C2F /* CDPatternItem.mm */; };
/* End PBXBuildFile section */

/* Begin PBXContainerItemProxy section */
		9D5855C41CB02A3E00971D64 /* PBXContainerItemProxy */ = {
			isa = PBXContainerItemProxy;
			containerPortal = 9D5855C01CB02A3E00971D64 /* MobileWheelConnection.xcodeproj */;
			proxyType = 2;
			remoteGlobalIDString = 9D5855A91CB02A3E00971D64;
			remoteInfo = MobileWheelConnection;
		};
		9DFBAC381888EDFC00737C2F /* PBXContainerItemProxy */ = {
			isa = PBXContainerItemProxy;
			containerPortal = 9DFBAC051888EDFC00737C2F /* Project object */;
			proxyType = 1;
			remoteGlobalIDString = 9DFBAC0C1888EDFC00737C2F;
			remoteInfo = CyrWheelPatternEditor;
		};
/* End PBXContainerItemProxy section */

/* Begin PBXCopyFilesBuildPhase section */
		9D662D531AA4C5C70022BFD5 /* CopyFiles */ = {
			isa = PBXCopyFilesBuildPhase;
			buildActionMask = 2147483647;
			dstPath = "";
			dstSubfolderSpec = 10;
			files = (
			);
			runOnlyForDeploymentPostprocessing = 0;
		};
		9D684AB61C128E9D0058EFA0 /* CopyFiles */ = {
			isa = PBXCopyFilesBuildPhase;
			buildActionMask = 2147483647;
			dstPath = "";
			dstSubfolderSpec = 7;
			files = (
				9D684ABC1C128F780058EFA0 /* Patterns.framework in CopyFiles */,
			);
			runOnlyForDeploymentPostprocessing = 0;
		};
/* End PBXCopyFilesBuildPhase section */

/* Begin PBXFileReference section */
		9D0EF1C71BFEE1BD002C687E /* CyrWheelPatternEditor-Bridging-Header.h */ = {isa = PBXFileReference; lastKnownFileType = sourcecode.c.h; path = "CyrWheelPatternEditor-Bridging-Header.h"; sourceTree = "<group>"; };
		9D0EF1C81BFEE1BD002C687E /* CDWheelConnectionViewController.swift */ = {isa = PBXFileReference; fileEncoding = 4; lastKnownFileType = sourcecode.swift; path = CDWheelConnectionViewController.swift; sourceTree = "<group>"; };
		9D0EF1CC1BFEE406002C687E /* CDAppDelegate.swift */ = {isa = PBXFileReference; fileEncoding = 4; lastKnownFileType = sourcecode.swift; name = CDAppDelegate.swift; path = ../CDAppDelegate.swift; sourceTree = "<group>"; };
		9D142EF21C03DEDA0085A377 /* CDWheelBluetoothShared.h */ = {isa = PBXFileReference; lastKnownFileType = sourcecode.c.h; name = CDWheelBluetoothShared.h; path = ../Arduino/LEDDigitalCyrWheel/LEDDigitalCyrWheel/CDWheelBluetoothShared.h; sourceTree = "<group>"; };
		9D1612EB1C3CB0AD00B7A890 /* CDPatternRunner.h */ = {isa = PBXFileReference; fileEncoding = 4; lastKnownFileType = sourcecode.c.h; name = CDPatternRunner.h; path = CyrWheelPatternEditor/CDPatternRunner.h; sourceTree = "<group>"; };
		9D1612EC1C3CB0AD00B7A890 /* CDPatternRunner.mm */ = {isa = PBXFileReference; fileEncoding = 4; lastKnownFileType = sourcecode.cpp.objcpp; name = CDPatternRunner.mm; path = CyrWheelPatternEditor/CDPatternRunner.mm; sourceTree = "<group>"; };
		9D18071D1C2287A000B80DDC /* EEPROM.h */ = {isa = PBXFileReference; lastKnownFileType = sourcecode.c.h; name = EEPROM.h; path = ArduinoWrappers/EEPROM.h; sourceTree = "<group>"; };
		9D1CFBCE1C5BEDB6008694E7 /* CDDocument5.xcdatamodel */ = {isa = PBXFileReference; lastKnownFileType = wrapper.xcdatamodel; path = CDDocument5.xcdatamodel; sourceTree = "<group>"; };
		9D1E1AE61C2DA292002BD920 /* CDTimelineTrackView.swift */ = {isa = PBXFileReference; fileEncoding = 4; lastKnownFileType = sourcecode.swift; path = CDTimelineTrackView.swift; sourceTree = "<group>"; };
		9D211A1B1C3A1DA4006A75FC /* LEDPatternType.h */ = {isa = PBXFileReference; lastKnownFileType = sourcecode.c.h; name = LEDPatternType.h; path = ../Arduino/LEDDigitalCyrWheel/Libraries/LEDPatterns/LEDPatternType.h; sourceTree = "<group>"; };
		9D211A1C1C3A438A006A75FC /* CDPatternItemNames.h */ = {isa = PBXFileReference; fileEncoding = 4; lastKnownFileType = sourcecode.c.h; path = CDPatternItemNames.h; sourceTree = "<group>"; };
		9D211A1D1C3A438A006A75FC /* CDPatternItemNames.m */ = {isa = PBXFileReference; fileEncoding = 4; lastKnownFileType = sourcecode.c.objc; path = CDPatternItemNames.m; sourceTree = "<group>"; };
		9D2217781C2DB0660046D72C /* CDTimelineTrackItemView.swift */ = {isa = PBXFileReference; fileEncoding = 4; lastKnownFileType = sourcecode.swift; name = CDTimelineTrackItemView.swift; path = ../CDTimelineTrackItemView.swift; sourceTree = "<group>"; };
		9D3A0DB0188A3D26001AD553 /* CDPatternData.h */ = {isa = PBXFileReference; fileEncoding = 4; lastKnownFileType = sourcecode.c.h; name = CDPatternData.h; path = ../../Arduino/LEDDigitalCyrWheel/LEDDigitalCyrWheel/CDPatternData.h; sourceTree = "<group>"; };
		9D47259D1CBAAB8800BCEE71 /* CDThemeColors.swift */ = {isa = PBXFileReference; fileEncoding = 4; lastKnownFileType = sourcecode.swift; path = CDThemeColors.swift; sourceTree = "<group>"; };
		9D49CD461CB9E51700C170A8 /* CDTimelineView.swift */ = {isa = PBXFileReference; fileEncoding = 4; lastKnownFileType = sourcecode.swift; path = CDTimelineView.swift; sourceTree = "<group>"; };
		9D49CD481CB9E5E300C170A8 /* CDBorderedView.swift */ = {isa = PBXFileReference; fileEncoding = 4; lastKnownFileType = sourcecode.swift; path = CDBorderedView.swift; sourceTree = "<group>"; };
		9D4FCB2A193C278E0000DE28 /* pixeltypes.h */ = {isa = PBXFileReference; fileEncoding = 4; lastKnownFileType = sourcecode.c.h; name = pixeltypes.h; path = ../Arduino/LEDDigitalCyrWheel/Libraries/FastLED/pixeltypes.h; sourceTree = "<group>"; };
		9D4FCB2E193C29DB0000DE28 /* CDSimulatorLEDPatterns.cpp */ = {isa = PBXFileReference; explicitFileType = sourcecode.cpp.objcpp; fileEncoding = 4; path = CDSimulatorLEDPatterns.cpp; sourceTree = "<group>"; };
		9D4FCB2F193C29DB0000DE28 /* CDSimulatorLEDPatterns.h */ = {isa = PBXFileReference; fileEncoding = 4; lastKnownFileType = sourcecode.c.h; path = CDSimulatorLEDPatterns.h; sourceTree = "<group>"; };
		9D4FCB31193C2E090000DE28 /* colorutils.cpp */ = {isa = PBXFileReference; explicitFileType = sourcecode.cpp.objcpp; fileEncoding = 4; name = colorutils.cpp; path = ../Arduino/LEDDigitalCyrWheel/Libraries/FastLED/colorutils.cpp; sourceTree = "<group>"; };
		9D4FCB32193C2E090000DE28 /* colorutils.h */ = {isa = PBXFileReference; fileEncoding = 4; lastKnownFileType = sourcecode.c.h; name = colorutils.h; path = ../Arduino/LEDDigitalCyrWheel/Libraries/FastLED/colorutils.h; sourceTree = "<group>"; };
		9D4FCB34193C2E100000DE28 /* hsv2rgb.cpp */ = {isa = PBXFileReference; explicitFileType = sourcecode.cpp.objcpp; fileEncoding = 4; name = hsv2rgb.cpp; path = ../Arduino/LEDDigitalCyrWheel/Libraries/FastLED/hsv2rgb.cpp; sourceTree = "<group>"; };
		9D4FCB35193C2E100000DE28 /* hsv2rgb.h */ = {isa = PBXFileReference; fileEncoding = 4; lastKnownFileType = sourcecode.c.h; name = hsv2rgb.h; path = ../Arduino/LEDDigitalCyrWheel/Libraries/FastLED/hsv2rgb.h; sourceTree = "<group>"; };
		9D4FCB37193C333C0000DE28 /* lib8tion.h */ = {isa = PBXFileReference; lastKnownFileType = sourcecode.c.h; name = lib8tion.h; path = ../Arduino/LEDDigitalCyrWheel/Libraries/FastLED/lib8tion.h; sourceTree = "<group>"; };
		9D500A2318BD88E8003BD8C2 /* CDEncodedColorTransformer.h */ = {isa = PBXFileReference; fileEncoding = 4; lastKnownFileType = sourcecode.c.h; path = CDEncodedColorTransformer.h; sourceTree = "<group>"; };
		9D500A2418BD88E8003BD8C2 /* CDEncodedColorTransformer.mm */ = {isa = PBXFileReference; fileEncoding = 4; lastKnownFileType = sourcecode.cpp.objcpp; path = CDEncodedColorTransformer.mm; sourceTree = "<group>"; };
		9D5706C31C3E0A7B0094D2F0 /* CDTimelineItem.h */ = {isa = PBXFileReference; fileEncoding = 4; lastKnownFileType = sourcecode.c.h; path = CDTimelineItem.h; sourceTree = "<group>"; };
		9D5855C01CB02A3E00971D64 /* MobileWheelConnection.xcodeproj */ = {isa = PBXFileReference; lastKnownFileType = "wrapper.pb-project"; name = MobileWheelConnection.xcodeproj; path = MobileWheelConnection/MobileWheelConnection.xcodeproj; sourceTree = "<group>"; };
		9D5855CF1CB0449000971D64 /* CDDesktopWheelConnection.swift */ = {isa = PBXFileReference; fileEncoding = 4; lastKnownFileType = sourcecode.swift; path = CDDesktopWheelConnection.swift; sourceTree = "<group>"; };
		9D59B4FC1CBA1078007833CF /* CDTimecodeView.swift */ = {isa = PBXFileReference; fileEncoding = 4; lastKnownFileType = sourcecode.swift; path = CDTimecodeView.swift; sourceTree = "<group>"; };
		9D62EAAE1C332C1500BFB916 /* CDPatternEditorWindowController2.swift */ = {isa = PBXFileReference; fileEncoding = 4; lastKnownFileType = sourcecode.swift; path = CDPatternEditorWindowController2.swift; sourceTree = "<group>"; };
		9D62EAB01C332C2D00BFB916 /* CDPatternEditorContentViewController.swift */ = {isa = PBXFileReference; fileEncoding = 4; lastKnownFileType = sourcecode.swift; path = CDPatternEditorContentViewController.swift; sourceTree = "<group>"; };
		9D6408161C55C73D006D3083 /* CDNoWidthSplitView.swift */ = {isa = PBXFileReference; fileEncoding = 4; lastKnownFileType = sourcecode.swift; name = CDNoWidthSplitView.swift; path = ../CDNoWidthSplitView.swift; sourceTree = "<group>"; };
		9D683E2B1C0FF0AC0058EFA0 /* CDRolloverButton.swift */ = {isa = PBXFileReference; fileEncoding = 4; lastKnownFileType = sourcecode.swift; path = CDRolloverButton.swift; sourceTree = "<group>"; };
		9D683E2F1C1139380058EFA0 /* CDPatternSequenceManagerShared.h */ = {isa = PBXFileReference; lastKnownFileType = sourcecode.c.h; name = CDPatternSequenceManagerShared.h; path = ../Arduino/LEDDigitalCyrWheel/LEDDigitalCyrWheel/CDPatternSequenceManagerShared.h; sourceTree = "<group>"; };
		9D684ABA1C128F5F0058EFA0 /* Patterns.framework */ = {isa = PBXFileReference; lastKnownFileType = wrapper.framework; path = Patterns.framework; sourceTree = "<group>"; };
		9D684AC31C17E77C0058EFA0 /* CDLazyBitmap.cpp */ = {isa = PBXFileReference; explicitFileType = sourcecode.cpp.objcpp; fileEncoding = 4; name = CDLazyBitmap.cpp; path = ../Arduino/LEDDigitalCyrWheel/Libraries/LEDPatterns/CDLazyBitmap.cpp; sourceTree = "<group>"; };
		9D684AC41C17E77C0058EFA0 /* CDLazyBitmap.h */ = {isa = PBXFileReference; fileEncoding = 4; lastKnownFileType = sourcecode.c.h; name = CDLazyBitmap.h; path = ../Arduino/LEDDigitalCyrWheel/Libraries/LEDPatterns/CDLazyBitmap.h; sourceTree = "<group>"; };
		9D7995C61C537DB8008D5818 /* CDPatternImagesOutlineViewController.swift */ = {isa = PBXFileReference; fileEncoding = 4; lastKnownFileType = sourcecode.swift; path = CDPatternImagesOutlineViewController.swift; sourceTree = "<group>"; };
		9D7F8C4B1A11B4DB009785C0 /* SystemConfiguration.framework */ = {isa = PBXFileReference; lastKnownFileType = wrapper.framework; name = SystemConfiguration.framework; path = Platforms/MacOSX.platform/Developer/SDKs/MacOSX10.9.sdk/System/Library/Frameworks/SystemConfiguration.framework; sourceTree = DEVELOPER_DIR; };
		9D84FEB61C643CD8004165A9 /* CDPatternImagesEditorOutlineViewController.swift */ = {isa = PBXFileReference; fileEncoding = 4; lastKnownFileType = sourcecode.swift; path = CDPatternImagesEditorOutlineViewController.swift; sourceTree = "<group>"; };
		9D84FEB81C643DFA004165A9 /* CDPatternImagesPlayerOutlineViewController.swift */ = {isa = PBXFileReference; fileEncoding = 4; lastKnownFileType = sourcecode.swift; path = CDPatternImagesPlayerOutlineViewController.swift; sourceTree = "<group>"; };
		9D84FEBC1C65AF52004165A9 /* CDWheelPlayerSplitViewController.swift */ = {isa = PBXFileReference; fileEncoding = 4; lastKnownFileType = sourcecode.swift; path = CDWheelPlayerSplitViewController.swift; sourceTree = "<group>"; };
		9D8F58F41C1C7C3D00826D8D /* SdFat.cpp */ = {isa = PBXFileReference; explicitFileType = sourcecode.cpp.objcpp; fileEncoding = 4; name = SdFat.cpp; path = ArduinoWrappers/SdFat.cpp; sourceTree = "<group>"; };
		9D8F58F51C1C7C3D00826D8D /* SdFat.h */ = {isa = PBXFileReference; fileEncoding = 4; lastKnownFileType = sourcecode.c.h; name = SdFat.h; path = ArduinoWrappers/SdFat.h; sourceTree = "<group>"; };
		9D8F58F61C1C7C3D00826D8D /* SdFatUtil.h */ = {isa = PBXFileReference; fileEncoding = 4; lastKnownFileType = sourcecode.c.h; name = SdFatUtil.h; path = ArduinoWrappers/SdFatUtil.h; sourceTree = "<group>"; };
		9D8F58F71C1C7C3D00826D8D /* SPI.h */ = {isa = PBXFileReference; fileEncoding = 4; lastKnownFileType = sourcecode.c.h; name = SPI.h; path = ArduinoWrappers/SPI.h; sourceTree = "<group>"; };
		9D8F58FA1C1C7C7700826D8D /* SdFatUtil.cpp */ = {isa = PBXFileReference; explicitFileType = sourcecode.cpp.objcpp; fileEncoding = 4; name = SdFatUtil.cpp; path = ArduinoWrappers/SdFatUtil.cpp; sourceTree = "<group>"; };
		9D8F58FC1C1CA9CD00826D8D /* FatFile.cpp */ = {isa = PBXFileReference; explicitFileType = sourcecode.cpp.objcpp; fileEncoding = 4; name = FatFile.cpp; path = ArduinoWrappers/FatFile.cpp; sourceTree = "<group>"; };
		9D8F58FD1C1CA9CD00826D8D /* FatFile.h */ = {isa = PBXFileReference; fileEncoding = 4; lastKnownFileType = sourcecode.c.h; name = FatFile.h; path = ArduinoWrappers/FatFile.h; sourceTree = "<group>"; };
		9D8F58FF1C1CAD6E00826D8D /* FatApiConstants.h */ = {isa = PBXFileReference; lastKnownFileType = sourcecode.c.h; name = FatApiConstants.h; path = ArduinoWrappers/FatApiConstants.h; sourceTree = "<group>"; };
		9D931EAF1C33B4B70065222F /* CDTimelineTrackViewController.swift */ = {isa = PBXFileReference; fileEncoding = 4; lastKnownFileType = sourcecode.swift; name = CDTimelineTrackViewController.swift; path = ../CDTimelineTrackViewController.swift; sourceTree = "<group>"; };
		9D931EB11C35AFD80065222F /* CDSequenceChildrenObserver.swift */ = {isa = PBXFileReference; fileEncoding = 4; lastKnownFileType = sourcecode.swift; name = CDSequenceChildrenObserver.swift; path = ../CDSequenceChildrenObserver.swift; sourceTree = "<group>"; };
		9D931EB31C35D0B80065222F /* CDPatternSequenceSplitViewController.swift */ = {isa = PBXFileReference; fileEncoding = 4; lastKnownFileType = sourcecode.swift; name = CDPatternSequenceSplitViewController.swift; path = ../CDPatternSequenceSplitViewController.swift; sourceTree = "<group>"; };
		9D931EB51C35F91B0065222F /* CDSplitView.swift */ = {isa = PBXFileReference; fileEncoding = 4; lastKnownFileType = sourcecode.swift; path = CDSplitView.swift; sourceTree = "<group>"; };
		9D97757A1BFEEB9D002D78EE /* Base */ = {isa = PBXFileReference; lastKnownFileType = file.storyboard; name = Base; path = Base.lproj/Main.storyboard; sourceTree = "<group>"; };
		9D97757E1C005BB3002D78EE /* CDWheelConnectionWindowController.swift */ = {isa = PBXFileReference; fileEncoding = 4; lastKnownFileType = sourcecode.swift; path = CDWheelConnectionWindowController.swift; sourceTree = "<group>"; };
		9D9775801C0175C6002D78EE /* CDWheelConnectionChooserViewController.swift */ = {isa = PBXFileReference; fileEncoding = 4; lastKnownFileType = sourcecode.swift; path = CDWheelConnectionChooserViewController.swift; sourceTree = "<group>"; };
		9D9775821C0223E3002D78EE /* CDWheelConnection.swift */ = {isa = PBXFileReference; fileEncoding = 4; lastKnownFileType = sourcecode.swift; path = CDWheelConnection.swift; sourceTree = "<group>"; };
		9DA21BA11C3C9A200047E8C1 /* CDWheelPreviewViewController.swift */ = {isa = PBXFileReference; fileEncoding = 4; lastKnownFileType = sourcecode.swift; path = CDWheelPreviewViewController.swift; sourceTree = "<group>"; };
		9DA685B019417089003631F6 /* LEDPatterns.h */ = {isa = PBXFileReference; fileEncoding = 4; lastKnownFileType = sourcecode.c.h; name = LEDPatterns.h; path = ../Arduino/LEDDigitalCyrWheel/Libraries/LEDPatterns/LEDPatterns.h; sourceTree = "<group>"; };
		9DA685B119417089003631F6 /* LEDPatterns.cpp */ = {isa = PBXFileReference; explicitFileType = sourcecode.cpp.objcpp; fileEncoding = 4; name = LEDPatterns.cpp; path = ../Arduino/LEDDigitalCyrWheel/Libraries/LEDPatterns/LEDPatterns.cpp; sourceTree = "<group>"; };
		9DA685B3194176B6003631F6 /* lib8tion.cpp */ = {isa = PBXFileReference; explicitFileType = sourcecode.cpp.objcpp; fileEncoding = 4; name = lib8tion.cpp; path = ../Arduino/LEDDigitalCyrWheel/Libraries/FastLED/lib8tion.cpp; sourceTree = "<group>"; };
		9DAF74F31C2CE35F00B43F75 /* FastLED.h */ = {isa = PBXFileReference; lastKnownFileType = sourcecode.c.h; name = FastLED.h; path = ../Arduino/LEDDigitalCyrWheel/Libraries/FastLED/FastLED.h; sourceTree = "<group>"; };
		9DAF74F41C2CE71E00B43F75 /* led_sysdefs.h */ = {isa = PBXFileReference; lastKnownFileType = sourcecode.c.h; name = led_sysdefs.h; path = ../Arduino/LEDDigitalCyrWheel/Libraries/FastLED/led_sysdefs.h; sourceTree = "<group>"; };
		9DB503911C7EAAA00079155D /* CDBaseOrientation.cpp */ = {isa = PBXFileReference; explicitFileType = sourcecode.cpp.objcpp; fileEncoding = 4; name = CDBaseOrientation.cpp; path = ../Arduino/LEDDigitalCyrWheel/LEDDigitalCyrWheel/CDBaseOrientation.cpp; sourceTree = "<group>"; };
		9DB503921C7EAAA00079155D /* CDBaseOrientation.h */ = {isa = PBXFileReference; fileEncoding = 4; lastKnownFileType = sourcecode.c.h; name = CDBaseOrientation.h; path = ../Arduino/LEDDigitalCyrWheel/LEDDigitalCyrWheel/CDBaseOrientation.h; sourceTree = "<group>"; };
		9DBB2A7218A2F21A00C44C7C /* CDPatternSimulatorWindowController.h */ = {isa = PBXFileReference; fileEncoding = 4; lastKnownFileType = sourcecode.c.h; name = CDPatternSimulatorWindowController.h; path = CyrWheelPatternEditor/CDPatternSimulatorWindowController.h; sourceTree = "<group>"; };
		9DBB2A7318A2F21A00C44C7C /* CDPatternSimulatorWindowController.mm */ = {isa = PBXFileReference; fileEncoding = 4; lastKnownFileType = sourcecode.cpp.objcpp; name = CDPatternSimulatorWindowController.mm; path = CyrWheelPatternEditor/CDPatternSimulatorWindowController.mm; sourceTree = "<group>"; };
		9DBB2A7418A2F21A00C44C7C /* CDPatternSimulatorWindowController.xib */ = {isa = PBXFileReference; fileEncoding = 4; lastKnownFileType = file.xib; name = CDPatternSimulatorWindowController.xib; path = CyrWheelPatternEditor/CDPatternSimulatorWindowController.xib; sourceTree = "<group>"; };
		9DBB2A7A18A2F4E000C44C7C /* CDPatternSimulatorDocument.h */ = {isa = PBXFileReference; fileEncoding = 4; lastKnownFileType = sourcecode.c.h; name = CDPatternSimulatorDocument.h; path = CyrWheelPatternEditor/CDPatternSimulatorDocument.h; sourceTree = "<group>"; };
		9DBB2A7B18A2F4E000C44C7C /* CDPatternSimulatorDocument.mm */ = {isa = PBXFileReference; explicitFileType = sourcecode.cpp.objcpp; fileEncoding = 4; name = CDPatternSimulatorDocument.mm; path = CyrWheelPatternEditor/CDPatternSimulatorDocument.mm; sourceTree = "<group>"; };
		9DBB9C2A1C4F578900E2D0E7 /* CDDocument4.xcdatamodel */ = {isa = PBXFileReference; lastKnownFileType = wrapper.xcdatamodel; path = CDDocument4.xcdatamodel; sourceTree = "<group>"; };
		9DBD17781C7429ED00670FCC /* CDWheelFileManagerViewController.swift */ = {isa = PBXFileReference; fileEncoding = 4; lastKnownFileType = sourcecode.swift; path = CDWheelFileManagerViewController.swift; sourceTree = "<group>"; };
		9DBD803D189B525300A6A067 /* CDPatternItemViewController.h */ = {isa = PBXFileReference; fileEncoding = 4; lastKnownFileType = sourcecode.c.h; path = CDPatternItemViewController.h; sourceTree = "<group>"; };
		9DBD803E189B525300A6A067 /* CDPatternItemViewController.mm */ = {isa = PBXFileReference; fileEncoding = 4; lastKnownFileType = sourcecode.cpp.objcpp; path = CDPatternItemViewController.mm; sourceTree = "<group>"; };
		9DBD803F189B525300A6A067 /* CDPatternItemViewController.xib */ = {isa = PBXFileReference; fileEncoding = 4; lastKnownFileType = file.xib; path = CDPatternItemViewController.xib; sourceTree = "<group>"; };
		9DBD8045189B66FA00A6A067 /* CDPatternSequence.h */ = {isa = PBXFileReference; fileEncoding = 4; lastKnownFileType = sourcecode.c.h; name = CDPatternSequence.h; path = ../CDPatternSequence.h; sourceTree = "<group>"; };
		9DBD8046189B66FA00A6A067 /* CDPatternSequence.mm */ = {isa = PBXFileReference; fileEncoding = 4; lastKnownFileType = sourcecode.cpp.objcpp; name = CDPatternSequence.mm; path = ../CDPatternSequence.mm; sourceTree = "<group>"; };
		9DBD8048189C9FB200A6A067 /* CDPatternDataToImageTransformer.h */ = {isa = PBXFileReference; fileEncoding = 4; lastKnownFileType = sourcecode.c.h; path = CDPatternDataToImageTransformer.h; sourceTree = "<group>"; };
		9DBD8049189C9FB200A6A067 /* CDPatternDataToImageTransformer.mm */ = {isa = PBXFileReference; fileEncoding = 4; lastKnownFileType = sourcecode.cpp.objcpp; path = CDPatternDataToImageTransformer.mm; sourceTree = "<group>"; };
		9DBD804B189D792100A6A067 /* CDPatternEditTableView.h */ = {isa = PBXFileReference; fileEncoding = 4; lastKnownFileType = sourcecode.c.h; name = CDPatternEditTableView.h; path = ../CDPatternEditTableView.h; sourceTree = "<group>"; };
		9DBD804C189D792100A6A067 /* CDPatternEditTableView.mm */ = {isa = PBXFileReference; fileEncoding = 4; lastKnownFileType = sourcecode.cpp.objcpp; name = CDPatternEditTableView.mm; path = ../CDPatternEditTableView.mm; sourceTree = "<group>"; };
		9DBE92C318A9210800154550 /* CDPatternSimSequenceViewController.h */ = {isa = PBXFileReference; fileEncoding = 4; lastKnownFileType = sourcecode.c.h; name = CDPatternSimSequenceViewController.h; path = CyrWheelPatternEditor/CDPatternSimSequenceViewController.h; sourceTree = "<group>"; };
		9DBE92C418A9210800154550 /* CDPatternSimSequenceViewController.mm */ = {isa = PBXFileReference; fileEncoding = 4; lastKnownFileType = sourcecode.cpp.objcpp; name = CDPatternSimSequenceViewController.mm; path = CyrWheelPatternEditor/CDPatternSimSequenceViewController.mm; sourceTree = "<group>"; };
		9DBE92C518A9210800154550 /* CDPatternSimSequenceViewController.xib */ = {isa = PBXFileReference; fileEncoding = 4; lastKnownFileType = file.xib; name = CDPatternSimSequenceViewController.xib; path = CyrWheelPatternEditor/CDPatternSimSequenceViewController.xib; sourceTree = "<group>"; };
		9DBE92D018AB379700154550 /* Adafruit_NeoPixel.cpp */ = {isa = PBXFileReference; explicitFileType = sourcecode.cpp.objcpp; fileEncoding = 4; path = Adafruit_NeoPixel.cpp; sourceTree = "<group>"; };
		9DBE92D118AB379700154550 /* Adafruit_NeoPixel.h */ = {isa = PBXFileReference; fileEncoding = 4; lastKnownFileType = sourcecode.c.h; path = Adafruit_NeoPixel.h; sourceTree = "<group>"; };
		9DBE92D318ACE19900154550 /* CDCyrWheelView.h */ = {isa = PBXFileReference; fileEncoding = 4; lastKnownFileType = sourcecode.c.h; path = CDCyrWheelView.h; sourceTree = "<group>"; };
		9DBE92D418ACE19900154550 /* CDCyrWheelView.mm */ = {isa = PBXFileReference; fileEncoding = 4; lastKnownFileType = sourcecode.cpp.objcpp; path = CDCyrWheelView.mm; sourceTree = "<group>"; };
		9DBEC63418A2FF0D00A05FB7 /* CWPatternSequenceManager.h */ = {isa = PBXFileReference; fileEncoding = 4; lastKnownFileType = sourcecode.c.h; name = CWPatternSequenceManager.h; path = ../Arduino/LEDDigitalCyrWheel/LEDDigitalCyrWheel/CWPatternSequenceManager.h; sourceTree = "<group>"; };
		9DBEC63518A2FF0D00A05FB7 /* CWPatternSequenceManager.cpp */ = {isa = PBXFileReference; explicitFileType = sourcecode.cpp.objcpp; fileEncoding = 4; name = CWPatternSequenceManager.cpp; path = ../Arduino/LEDDigitalCyrWheel/LEDDigitalCyrWheel/CWPatternSequenceManager.cpp; sourceTree = "<group>"; };
		9DBEC63718A2FF5300A05FB7 /* Arduino.h */ = {isa = PBXFileReference; lastKnownFileType = sourcecode.c.h; path = Arduino.h; sourceTree = "<group>"; };
		9DBEC64218A3071C00A05FB7 /* Arduino.cpp */ = {isa = PBXFileReference; explicitFileType = sourcecode.cpp.objcpp; fileEncoding = 4; path = Arduino.cpp; sourceTree = "<group>"; };
		9DCE4EBC19D3B01B002664D9 /* CDDocument3.xcdatamodel */ = {isa = PBXFileReference; lastKnownFileType = wrapper.xcdatamodel; path = CDDocument3.xcdatamodel; sourceTree = "<group>"; };
		9DCE4EBD19D3B62C002664D9 /* MappingModel.xcmappingmodel */ = {isa = PBXFileReference; lastKnownFileType = wrapper.xcmappingmodel; path = MappingModel.xcmappingmodel; sourceTree = "<group>"; };
		9DCE4EBF19D4F349002664D9 /* CDTimeValueTransformer.h */ = {isa = PBXFileReference; fileEncoding = 4; lastKnownFileType = sourcecode.c.h; name = CDTimeValueTransformer.h; path = ../CDTimeValueTransformer.h; sourceTree = "<group>"; };
		9DCE4EC019D4F349002664D9 /* CDTimeValueTransformer.m */ = {isa = PBXFileReference; fileEncoding = 4; lastKnownFileType = sourcecode.c.objc; name = CDTimeValueTransformer.m; path = ../CDTimeValueTransformer.m; sourceTree = "<group>"; };
		9DCE4EC319D52A17002664D9 /* pgmspace.h */ = {isa = PBXFileReference; fileEncoding = 4; lastKnownFileType = sourcecode.c.h; name = pgmspace.h; path = avr/pgmspace.h; sourceTree = "<group>"; };
		9DCE4EC419D52D27002664D9 /* colorpalettes.cpp */ = {isa = PBXFileReference; explicitFileType = sourcecode.cpp.objcpp; fileEncoding = 4; name = colorpalettes.cpp; path = ../Arduino/LEDDigitalCyrWheel/Libraries/FastLED/colorpalettes.cpp; sourceTree = "<group>"; };
		9DCE4EC519D52D28002664D9 /* colorpalettes.h */ = {isa = PBXFileReference; fileEncoding = 4; lastKnownFileType = sourcecode.c.h; name = colorpalettes.h; path = ../Arduino/LEDDigitalCyrWheel/Libraries/FastLED/colorpalettes.h; sourceTree = "<group>"; };
		9DD0BFAC1C4F1DBB00C1DA43 /* CDPatternEditorBottomBar.swift */ = {isa = PBXFileReference; fileEncoding = 4; lastKnownFileType = sourcecode.swift; path = CDPatternEditorBottomBar.swift; sourceTree = "<group>"; };
		9DD0BFAE1C4F2F1B00C1DA43 /* CDPatternSequenceProtocols.swift */ = {isa = PBXFileReference; fileEncoding = 4; lastKnownFileType = sourcecode.swift; path = CDPatternSequenceProtocols.swift; sourceTree = "<group>"; };
		9DD394D8191EDE3000B77A4F /* CDDocument2.xcdatamodel */ = {isa = PBXFileReference; lastKnownFileType = wrapper.xcdatamodel; path = CDDocument2.xcdatamodel; sourceTree = "<group>"; };
		9DE5C4D61C66590200E0B96C /* CDWheelPlayerDetailViewController.swift */ = {isa = PBXFileReference; fileEncoding = 4; lastKnownFileType = sourcecode.swift; name = CDWheelPlayerDetailViewController.swift; path = ../CDWheelPlayerDetailViewController.swift; sourceTree = "<group>"; };
		9DE5C4D81C67A93200E0B96C /* CDPatternItemHeaderWrapper.swift */ = {isa = PBXFileReference; fileEncoding = 4; lastKnownFileType = sourcecode.swift; path = CDPatternItemHeaderWrapper.swift; sourceTree = "<group>"; };
		9DE5C4DA1C67AA0700E0B96C /* DarkOutlineView.swift */ = {isa = PBXFileReference; fileEncoding = 4; lastKnownFileType = sourcecode.swift; name = DarkOutlineView.swift; path = ../DarkOutlineView.swift; sourceTree = "<group>"; };
		9DE5C4DC1C698B7C00E0B96C /* CDEditorCyrWheelViewController.swift */ = {isa = PBXFileReference; fileEncoding = 4; lastKnownFileType = sourcecode.swift; path = CDEditorCyrWheelViewController.swift; sourceTree = "<group>"; };
		9DF0DBA61C39E4FD009ACE1C /* CDPatternItemDetailViewController.swift */ = {isa = PBXFileReference; fileEncoding = 4; lastKnownFileType = sourcecode.swift; path = CDPatternItemDetailViewController.swift; sourceTree = "<group>"; };
		9DFBAC0D1888EDFC00737C2F /* CyrWheelPatternEditor.app */ = {isa = PBXFileReference; explicitFileType = wrapper.application; includeInIndex = 0; path = CyrWheelPatternEditor.app; sourceTree = BUILT_PRODUCTS_DIR; };
		9DFBAC101888EDFC00737C2F /* Cocoa.framework */ = {isa = PBXFileReference; lastKnownFileType = wrapper.framework; name = Cocoa.framework; path = /System/Library/Frameworks/Cocoa.framework; sourceTree = "<absolute>"; };
		9DFBAC131888EDFC00737C2F /* AppKit.framework */ = {isa = PBXFileReference; lastKnownFileType = wrapper.framework; name = AppKit.framework; path = System/Library/Frameworks/AppKit.framework; sourceTree = SDKROOT; };
		9DFBAC141888EDFC00737C2F /* CoreData.framework */ = {isa = PBXFileReference; lastKnownFileType = wrapper.framework; name = CoreData.framework; path = System/Library/Frameworks/CoreData.framework; sourceTree = SDKROOT; };
		9DFBAC151888EDFC00737C2F /* Foundation.framework */ = {isa = PBXFileReference; lastKnownFileType = wrapper.framework; name = Foundation.framework; path = System/Library/Frameworks/Foundation.framework; sourceTree = SDKROOT; };
		9DFBAC181888EDFC00737C2F /* CyrWheelPatternEditor-Info.plist */ = {isa = PBXFileReference; lastKnownFileType = text.plist.xml; path = "CyrWheelPatternEditor-Info.plist"; sourceTree = "<group>"; };
		9DFBAC1A1888EDFC00737C2F /* en */ = {isa = PBXFileReference; lastKnownFileType = text.plist.strings; name = en; path = en.lproj/InfoPlist.strings; sourceTree = "<group>"; };
		9DFBAC1E1888EDFC00737C2F /* CyrWheelPatternEditor-Prefix.pch */ = {isa = PBXFileReference; lastKnownFileType = sourcecode.c.h; path = "CyrWheelPatternEditor-Prefix.pch"; sourceTree = "<group>"; };
		9DFBAC201888EDFC00737C2F /* en */ = {isa = PBXFileReference; lastKnownFileType = text.rtf; name = en; path = en.lproj/Credits.rtf; sourceTree = "<group>"; };
		9DFBAC221888EDFC00737C2F /* CDDocument.h */ = {isa = PBXFileReference; lastKnownFileType = sourcecode.c.h; path = CDDocument.h; sourceTree = "<group>"; };
		9DFBAC231888EDFC00737C2F /* CDDocument.mm */ = {isa = PBXFileReference; lastKnownFileType = sourcecode.cpp.objcpp; path = CDDocument.mm; sourceTree = "<group>"; };
		9DFBAC291888EDFC00737C2F /* Base */ = {isa = PBXFileReference; lastKnownFileType = file.xib; name = Base; path = Base.lproj/MainMenu.xib; sourceTree = "<group>"; };
		9DFBAC2C1888EDFC00737C2F /* CDDocument.xcdatamodel */ = {isa = PBXFileReference; lastKnownFileType = wrapper.xcdatamodel; path = CDDocument.xcdatamodel; sourceTree = "<group>"; };
		9DFBAC2E1888EDFC00737C2F /* Images.xcassets */ = {isa = PBXFileReference; lastKnownFileType = folder.assetcatalog; path = Images.xcassets; sourceTree = "<group>"; };
		9DFBAC341888EDFC00737C2F /* CyrWheelPatternEditorTests.xctest */ = {isa = PBXFileReference; explicitFileType = wrapper.cfbundle; includeInIndex = 0; path = CyrWheelPatternEditorTests.xctest; sourceTree = BUILT_PRODUCTS_DIR; };
		9DFBAC3C1888EDFC00737C2F /* CyrWheelPatternEditorTests-Info.plist */ = {isa = PBXFileReference; lastKnownFileType = text.plist.xml; path = "CyrWheelPatternEditorTests-Info.plist"; sourceTree = "<group>"; };
		9DFBAC3E1888EDFC00737C2F /* en */ = {isa = PBXFileReference; lastKnownFileType = text.plist.strings; name = en; path = en.lproj/InfoPlist.strings; sourceTree = "<group>"; };
		9DFBAC401888EDFC00737C2F /* CyrWheelPatternEditorTests.m */ = {isa = PBXFileReference; lastKnownFileType = sourcecode.c.objc; path = CyrWheelPatternEditorTests.m; sourceTree = "<group>"; };
		9DFBAC501888F03C00737C2F /* CDPatternItem.h */ = {isa = PBXFileReference; fileEncoding = 4; lastKnownFileType = sourcecode.c.h; name = CDPatternItem.h; path = ../CDPatternItem.h; sourceTree = "<group>"; };
		9DFBAC511888F03C00737C2F /* CDPatternItem.mm */ = {isa = PBXFileReference; fileEncoding = 4; lastKnownFileType = sourcecode.cpp.objcpp; name = CDPatternItem.mm; path = ../CDPatternItem.mm; sourceTree = "<group>"; };
/* End PBXFileReference section */

/* Begin PBXFrameworksBuildPhase section */
		9DFBAC0A1888EDFC00737C2F /* Frameworks */ = {
			isa = PBXFrameworksBuildPhase;
			buildActionMask = 2147483647;
			files = (
				9DFBAC111888EDFC00737C2F /* Cocoa.framework in Frameworks */,
			);
			runOnlyForDeploymentPostprocessing = 0;
		};
		9DFBAC311888EDFC00737C2F /* Frameworks */ = {
			isa = PBXFrameworksBuildPhase;
			buildActionMask = 2147483647;
			files = (
				9DFBAC371888EDFC00737C2F /* Cocoa.framework in Frameworks */,
			);
			runOnlyForDeploymentPostprocessing = 0;
		};
/* End PBXFrameworksBuildPhase section */

/* Begin PBXGroup section */
		9D5855C11CB02A3E00971D64 /* Products */ = {
			isa = PBXGroup;
			children = (
				9D5855C51CB02A3E00971D64 /* MobileWheelConnection.app */,
			);
			name = Products;
			sourceTree = "<group>";
		};
		9D5855C61CB02FBF00971D64 /* OSX */ = {
			isa = PBXGroup;
			children = (
				9DBB2A7118A2F18300C44C7C /* Simulator */,
				9DFBAC161888EDFC00737C2F /* CyrWheelPatternEditor */,
				9DFBAC3A1888EDFC00737C2F /* CyrWheelPatternEditorTests */,
				9DFBAC0F1888EDFC00737C2F /* Frameworks */,
				9DFBAC0E1888EDFC00737C2F /* Products */,
			);
			name = OSX;
			sourceTree = "<group>";
		};
		9DBB2A7118A2F18300C44C7C /* Simulator */ = {
			isa = PBXGroup;
			children = (
				9DBE92D618ACE1A200154550 /* Arudino Wrappers */,
				9DBE92D718ACE1AF00154550 /* Shared with firmware */,
				9D4FCB2F193C29DB0000DE28 /* CDSimulatorLEDPatterns.h */,
				9D4FCB2E193C29DB0000DE28 /* CDSimulatorLEDPatterns.cpp */,
				9DBE92D318ACE19900154550 /* CDCyrWheelView.h */,
				9DBE92D418ACE19900154550 /* CDCyrWheelView.mm */,
				9DBE92C318A9210800154550 /* CDPatternSimSequenceViewController.h */,
				9DBE92C418A9210800154550 /* CDPatternSimSequenceViewController.mm */,
				9DBE92C518A9210800154550 /* CDPatternSimSequenceViewController.xib */,
				9DBB2A7218A2F21A00C44C7C /* CDPatternSimulatorWindowController.h */,
				9DBB2A7318A2F21A00C44C7C /* CDPatternSimulatorWindowController.mm */,
				9DBB2A7418A2F21A00C44C7C /* CDPatternSimulatorWindowController.xib */,
				9DBB2A7A18A2F4E000C44C7C /* CDPatternSimulatorDocument.h */,
				9DBB2A7B18A2F4E000C44C7C /* CDPatternSimulatorDocument.mm */,
				9D1612EB1C3CB0AD00B7A890 /* CDPatternRunner.h */,
				9D1612EC1C3CB0AD00B7A890 /* CDPatternRunner.mm */,
			);
			name = Simulator;
			sourceTree = "<group>";
		};
		9DBE92D618ACE1A200154550 /* Arudino Wrappers */ = {
			isa = PBXGroup;
			children = (
				9DBE92D118AB379700154550 /* Adafruit_NeoPixel.h */,
				9DBE92D018AB379700154550 /* Adafruit_NeoPixel.cpp */,
				9DBEC63718A2FF5300A05FB7 /* Arduino.h */,
				9DBEC64218A3071C00A05FB7 /* Arduino.cpp */,
				9DCE4EC319D52A17002664D9 /* pgmspace.h */,
				9D8F58F41C1C7C3D00826D8D /* SdFat.cpp */,
				9D8F58F51C1C7C3D00826D8D /* SdFat.h */,
				9D8F58F61C1C7C3D00826D8D /* SdFatUtil.h */,
				9D8F58FA1C1C7C7700826D8D /* SdFatUtil.cpp */,
				9D8F58F71C1C7C3D00826D8D /* SPI.h */,
				9D8F58FC1C1CA9CD00826D8D /* FatFile.cpp */,
				9D8F58FD1C1CA9CD00826D8D /* FatFile.h */,
				9D8F58FF1C1CAD6E00826D8D /* FatApiConstants.h */,
				9D18071D1C2287A000B80DDC /* EEPROM.h */,
			);
			name = "Arudino Wrappers";
			sourceTree = "<group>";
		};
		9DBE92D718ACE1AF00154550 /* Shared with firmware */ = {
			isa = PBXGroup;
			children = (
				9D4FCB2A193C278E0000DE28 /* pixeltypes.h */,
				9D4FCB37193C333C0000DE28 /* lib8tion.h */,
				9DA685B3194176B6003631F6 /* lib8tion.cpp */,
				9D4FCB31193C2E090000DE28 /* colorutils.cpp */,
				9D4FCB32193C2E090000DE28 /* colorutils.h */,
				9D4FCB34193C2E100000DE28 /* hsv2rgb.cpp */,
				9D4FCB35193C2E100000DE28 /* hsv2rgb.h */,
				9DCE4EC519D52D28002664D9 /* colorpalettes.h */,
				9DCE4EC419D52D27002664D9 /* colorpalettes.cpp */,
				9D683E2F1C1139380058EFA0 /* CDPatternSequenceManagerShared.h */,
				9DBEC63418A2FF0D00A05FB7 /* CWPatternSequenceManager.h */,
				9DBEC63518A2FF0D00A05FB7 /* CWPatternSequenceManager.cpp */,
				9DB503911C7EAAA00079155D /* CDBaseOrientation.cpp */,
				9DB503921C7EAAA00079155D /* CDBaseOrientation.h */,
				9D211A1B1C3A1DA4006A75FC /* LEDPatternType.h */,
				9DA685B019417089003631F6 /* LEDPatterns.h */,
				9DA685B119417089003631F6 /* LEDPatterns.cpp */,
				9D142EF21C03DEDA0085A377 /* CDWheelBluetoothShared.h */,
				9D684AC41C17E77C0058EFA0 /* CDLazyBitmap.h */,
				9D684AC31C17E77C0058EFA0 /* CDLazyBitmap.cpp */,
				9DAF74F31C2CE35F00B43F75 /* FastLED.h */,
				9DAF74F41C2CE71E00B43F75 /* led_sysdefs.h */,
			);
			name = "Shared with firmware";
			sourceTree = "<group>";
		};
		9DFBAC041888EDFC00737C2F = {
			isa = PBXGroup;
			children = (
				9D5855C61CB02FBF00971D64 /* OSX */,
				9D5855C01CB02A3E00971D64 /* MobileWheelConnection.xcodeproj */,
			);
			sourceTree = "<group>";
		};
		9DFBAC0E1888EDFC00737C2F /* Products */ = {
			isa = PBXGroup;
			children = (
				9DFBAC0D1888EDFC00737C2F /* CyrWheelPatternEditor.app */,
				9DFBAC341888EDFC00737C2F /* CyrWheelPatternEditorTests.xctest */,
			);
			name = Products;
			sourceTree = "<group>";
		};
		9DFBAC0F1888EDFC00737C2F /* Frameworks */ = {
			isa = PBXGroup;
			children = (
				9D7F8C4B1A11B4DB009785C0 /* SystemConfiguration.framework */,
				9DFBAC101888EDFC00737C2F /* Cocoa.framework */,
				9DFBAC121888EDFC00737C2F /* Other Frameworks */,
			);
			name = Frameworks;
			sourceTree = "<group>";
		};
		9DFBAC121888EDFC00737C2F /* Other Frameworks */ = {
			isa = PBXGroup;
			children = (
				9DFBAC131888EDFC00737C2F /* AppKit.framework */,
				9DFBAC141888EDFC00737C2F /* CoreData.framework */,
				9DFBAC151888EDFC00737C2F /* Foundation.framework */,
			);
			name = "Other Frameworks";
			sourceTree = "<group>";
		};
		9DFBAC161888EDFC00737C2F /* CyrWheelPatternEditor */ = {
			isa = PBXGroup;
			children = (
				9DFBAC2E1888EDFC00737C2F /* Images.xcassets */,
				9DFBAC281888EDFC00737C2F /* MainMenu.xib */,
				9D9775791BFEEB9D002D78EE /* Main.storyboard */,
				9D6408161C55C73D006D3083 /* CDNoWidthSplitView.swift */,
				9DE5C4D81C67A93200E0B96C /* CDPatternItemHeaderWrapper.swift */,
				9D7995C61C537DB8008D5818 /* CDPatternImagesOutlineViewController.swift */,
				9D84FEB61C643CD8004165A9 /* CDPatternImagesEditorOutlineViewController.swift */,
				9D84FEB81C643DFA004165A9 /* CDPatternImagesPlayerOutlineViewController.swift */,
				9D0EF1C81BFEE1BD002C687E /* CDWheelConnectionViewController.swift */,
				9DBD17781C7429ED00670FCC /* CDWheelFileManagerViewController.swift */,
				9D84FEBC1C65AF52004165A9 /* CDWheelPlayerSplitViewController.swift */,
				9DE5C4D61C66590200E0B96C /* CDWheelPlayerDetailViewController.swift */,
				9DE5C4DA1C67AA0700E0B96C /* DarkOutlineView.swift */,
				9D9775821C0223E3002D78EE /* CDWheelConnection.swift */,
				9D5855CF1CB0449000971D64 /* CDDesktopWheelConnection.swift */,
				9DD0BFAC1C4F1DBB00C1DA43 /* CDPatternEditorBottomBar.swift */,
				9DD0BFAE1C4F2F1B00C1DA43 /* CDPatternSequenceProtocols.swift */,
				9DA21BA11C3C9A200047E8C1 /* CDWheelPreviewViewController.swift */,
				9DE5C4DC1C698B7C00E0B96C /* CDEditorCyrWheelViewController.swift */,
				9D683E2B1C0FF0AC0058EFA0 /* CDRolloverButton.swift */,
				9D0EF1CC1BFEE406002C687E /* CDAppDelegate.swift */,
				9D9775801C0175C6002D78EE /* CDWheelConnectionChooserViewController.swift */,
				9D97757E1C005BB3002D78EE /* CDWheelConnectionWindowController.swift */,
				9D49CD481CB9E5E300C170A8 /* CDBorderedView.swift */,
				9D5706C31C3E0A7B0094D2F0 /* CDTimelineItem.h */,
				9D47259D1CBAAB8800BCEE71 /* CDThemeColors.swift */,
				9D59B4FC1CBA1078007833CF /* CDTimecodeView.swift */,
				9D49CD461CB9E51700C170A8 /* CDTimelineView.swift */,
				9D1E1AE61C2DA292002BD920 /* CDTimelineTrackView.swift */,
				9D2217781C2DB0660046D72C /* CDTimelineTrackItemView.swift */,
				9D931EAF1C33B4B70065222F /* CDTimelineTrackViewController.swift */,
				9D62EAAE1C332C1500BFB916 /* CDPatternEditorWindowController2.swift */,
				9D931EB31C35D0B80065222F /* CDPatternSequenceSplitViewController.swift */,
				9D931EB51C35F91B0065222F /* CDSplitView.swift */,
				9D62EAB01C332C2D00BFB916 /* CDPatternEditorContentViewController.swift */,
				9D931EB11C35AFD80065222F /* CDSequenceChildrenObserver.swift */,
				9DCE4EBF19D4F349002664D9 /* CDTimeValueTransformer.h */,
				9DCE4EC019D4F349002664D9 /* CDTimeValueTransformer.m */,
				9DBD804B189D792100A6A067 /* CDPatternEditTableView.h */,
				9DBD804C189D792100A6A067 /* CDPatternEditTableView.mm */,
				9D3A0DB0188A3D26001AD553 /* CDPatternData.h */,
				9DBD803D189B525300A6A067 /* CDPatternItemViewController.h */,
				9DBD803E189B525300A6A067 /* CDPatternItemViewController.mm */,
				9DBD803F189B525300A6A067 /* CDPatternItemViewController.xib */,
				9DF0DBA61C39E4FD009ACE1C /* CDPatternItemDetailViewController.swift */,
				9DBD8048189C9FB200A6A067 /* CDPatternDataToImageTransformer.h */,
				9DBD8049189C9FB200A6A067 /* CDPatternDataToImageTransformer.mm */,
				9D500A2318BD88E8003BD8C2 /* CDEncodedColorTransformer.h */,
				9D500A2418BD88E8003BD8C2 /* CDEncodedColorTransformer.mm */,
				9DFBAC221888EDFC00737C2F /* CDDocument.h */,
				9DFBAC231888EDFC00737C2F /* CDDocument.mm */,
				9DFBAC501888F03C00737C2F /* CDPatternItem.h */,
				9DFBAC511888F03C00737C2F /* CDPatternItem.mm */,
				9DBD8045189B66FA00A6A067 /* CDPatternSequence.h */,
				9DBD8046189B66FA00A6A067 /* CDPatternSequence.mm */,
				9D211A1C1C3A438A006A75FC /* CDPatternItemNames.h */,
				9D211A1D1C3A438A006A75FC /* CDPatternItemNames.m */,
				9DFBAC2B1888EDFC00737C2F /* CDDocument.xcdatamodeld */,
				9DCE4EBD19D3B62C002664D9 /* MappingModel.xcmappingmodel */,
				9DFBAC171888EDFC00737C2F /* Supporting Files */,
				9D0EF1C71BFEE1BD002C687E /* CyrWheelPatternEditor-Bridging-Header.h */,
				9D684ABA1C128F5F0058EFA0 /* Patterns.framework */,
			);
			path = CyrWheelPatternEditor;
			sourceTree = "<group>";
		};
		9DFBAC171888EDFC00737C2F /* Supporting Files */ = {
			isa = PBXGroup;
			children = (
				9DFBAC181888EDFC00737C2F /* CyrWheelPatternEditor-Info.plist */,
				9DFBAC191888EDFC00737C2F /* InfoPlist.strings */,
				9DFBAC1E1888EDFC00737C2F /* CyrWheelPatternEditor-Prefix.pch */,
				9DFBAC1F1888EDFC00737C2F /* Credits.rtf */,
			);
			name = "Supporting Files";
			sourceTree = "<group>";
		};
		9DFBAC3A1888EDFC00737C2F /* CyrWheelPatternEditorTests */ = {
			isa = PBXGroup;
			children = (
				9DFBAC401888EDFC00737C2F /* CyrWheelPatternEditorTests.m */,
				9DFBAC3B1888EDFC00737C2F /* Supporting Files */,
			);
			path = CyrWheelPatternEditorTests;
			sourceTree = "<group>";
		};
		9DFBAC3B1888EDFC00737C2F /* Supporting Files */ = {
			isa = PBXGroup;
			children = (
				9DFBAC3C1888EDFC00737C2F /* CyrWheelPatternEditorTests-Info.plist */,
				9DFBAC3D1888EDFC00737C2F /* InfoPlist.strings */,
			);
			name = "Supporting Files";
			sourceTree = "<group>";
		};
/* End PBXGroup section */

/* Begin PBXNativeTarget section */
		9DFBAC0C1888EDFC00737C2F /* CyrWheelPatternEditor */ = {
			isa = PBXNativeTarget;
			buildConfigurationList = 9DFBAC441888EDFC00737C2F /* Build configuration list for PBXNativeTarget "CyrWheelPatternEditor" */;
			buildPhases = (
				9DFBAC091888EDFC00737C2F /* Sources */,
				9DFBAC0A1888EDFC00737C2F /* Frameworks */,
				9DFBAC0B1888EDFC00737C2F /* Resources */,
				9D662D531AA4C5C70022BFD5 /* CopyFiles */,
				9D684AB61C128E9D0058EFA0 /* CopyFiles */,
			);
			buildRules = (
			);
			dependencies = (
			);
			name = CyrWheelPatternEditor;
			productName = CyrWheelPatternEditor;
			productReference = 9DFBAC0D1888EDFC00737C2F /* CyrWheelPatternEditor.app */;
			productType = "com.apple.product-type.application";
		};
		9DFBAC331888EDFC00737C2F /* CyrWheelPatternEditorTests */ = {
			isa = PBXNativeTarget;
			buildConfigurationList = 9DFBAC471888EDFC00737C2F /* Build configuration list for PBXNativeTarget "CyrWheelPatternEditorTests" */;
			buildPhases = (
				9DFBAC301888EDFC00737C2F /* Sources */,
				9DFBAC311888EDFC00737C2F /* Frameworks */,
				9DFBAC321888EDFC00737C2F /* Resources */,
			);
			buildRules = (
			);
			dependencies = (
				9DFBAC391888EDFC00737C2F /* PBXTargetDependency */,
			);
			name = CyrWheelPatternEditorTests;
			productName = CyrWheelPatternEditorTests;
			productReference = 9DFBAC341888EDFC00737C2F /* CyrWheelPatternEditorTests.xctest */;
			productType = "com.apple.product-type.bundle.unit-test";
		};
/* End PBXNativeTarget section */

/* Begin PBXProject section */
		9DFBAC051888EDFC00737C2F /* Project object */ = {
			isa = PBXProject;
			attributes = {
				CLASSPREFIX = CD;
				LastSwiftUpdateCheck = 0710;
				LastUpgradeCheck = 0720;
				ORGANIZATIONNAME = "Corbin Dunn";
				TargetAttributes = {
					9DFBAC331888EDFC00737C2F = {
						TestTargetID = 9DFBAC0C1888EDFC00737C2F;
					};
				};
			};
			buildConfigurationList = 9DFBAC081888EDFC00737C2F /* Build configuration list for PBXProject "CyrWheelPatternEditor" */;
			compatibilityVersion = "Xcode 3.2";
			developmentRegion = English;
			hasScannedForEncodings = 0;
			knownRegions = (
				en,
				Base,
			);
			mainGroup = 9DFBAC041888EDFC00737C2F;
			productRefGroup = 9DFBAC0E1888EDFC00737C2F /* Products */;
			projectDirPath = "";
			projectReferences = (
				{
					ProductGroup = 9D5855C11CB02A3E00971D64 /* Products */;
					ProjectRef = 9D5855C01CB02A3E00971D64 /* MobileWheelConnection.xcodeproj */;
				},
			);
			projectRoot = "";
			targets = (
				9DFBAC0C1888EDFC00737C2F /* CyrWheelPatternEditor */,
				9DFBAC331888EDFC00737C2F /* CyrWheelPatternEditorTests */,
			);
		};
/* End PBXProject section */

/* Begin PBXReferenceProxy section */
		9D5855C51CB02A3E00971D64 /* MobileWheelConnection.app */ = {
			isa = PBXReferenceProxy;
			fileType = wrapper.application;
			path = MobileWheelConnection.app;
			remoteRef = 9D5855C41CB02A3E00971D64 /* PBXContainerItemProxy */;
			sourceTree = BUILT_PRODUCTS_DIR;
		};
/* End PBXReferenceProxy section */

/* Begin PBXResourcesBuildPhase section */
		9DFBAC0B1888EDFC00737C2F /* Resources */ = {
			isa = PBXResourcesBuildPhase;
			buildActionMask = 2147483647;
			files = (
				9DBB2A7618A2F21A00C44C7C /* CDPatternSimulatorWindowController.xib in Resources */,
				9DBD8041189B525300A6A067 /* CDPatternItemViewController.xib in Resources */,
				9DFBAC2F1888EDFC00737C2F /* Images.xcassets in Resources */,
				9D97757B1BFEEB9D002D78EE /* Main.storyboard in Resources */,
				9DFBAC1B1888EDFC00737C2F /* InfoPlist.strings in Resources */,
				9DBE92C718A9210800154550 /* CDPatternSimSequenceViewController.xib in Resources */,
				9DFBAC211888EDFC00737C2F /* Credits.rtf in Resources */,
				9DFBAC2A1888EDFC00737C2F /* MainMenu.xib in Resources */,
			);
			runOnlyForDeploymentPostprocessing = 0;
		};
		9DFBAC321888EDFC00737C2F /* Resources */ = {
			isa = PBXResourcesBuildPhase;
			buildActionMask = 2147483647;
			files = (
				9DFBAC3F1888EDFC00737C2F /* InfoPlist.strings in Resources */,
			);
			runOnlyForDeploymentPostprocessing = 0;
		};
/* End PBXResourcesBuildPhase section */

/* Begin PBXSourcesBuildPhase section */
		9DFBAC091888EDFC00737C2F /* Sources */ = {
			isa = PBXSourcesBuildPhase;
			buildActionMask = 2147483647;
			files = (
				9D49CD471CB9E51700C170A8 /* CDTimelineView.swift in Sources */,
				9DF0DBA71C39E4FD009ACE1C /* CDPatternItemDetailViewController.swift in Sources */,
				9DCE4EBE19D3B62C002664D9 /* MappingModel.xcmappingmodel in Sources */,
				9DBD804D189D792100A6A067 /* CDPatternEditTableView.mm in Sources */,
				9DBD17791C7429ED00670FCC /* CDWheelFileManagerViewController.swift in Sources */,
				9D84FEB71C643CD8004165A9 /* CDPatternImagesEditorOutlineViewController.swift in Sources */,
				9D4FCB36193C2E100000DE28 /* hsv2rgb.cpp in Sources */,
				9D684AC51C17E77C0058EFA0 /* CDLazyBitmap.cpp in Sources */,
				9D931EB21C35AFD80065222F /* CDSequenceChildrenObserver.swift in Sources */,
				9D117A1F1A0497B90045C12B /* colorpalettes.cpp in Sources */,
				9DBB2A7D18A2F4E000C44C7C /* CDPatternSimulatorDocument.mm in Sources */,
				9DBE92D218AB379700154550 /* Adafruit_NeoPixel.cpp in Sources */,
				9D9775831C0223E3002D78EE /* CDWheelConnection.swift in Sources */,
				9DFBAC2D1888EDFC00737C2F /* CDDocument.xcdatamodeld in Sources */,
				9D8F58F91C1C7C3D00826D8D /* SdFat.cpp in Sources */,
				9D2217791C2DB0660046D72C /* CDTimelineTrackItemView.swift in Sources */,
				9DE5C4D91C67A93200E0B96C /* CDPatternItemHeaderWrapper.swift in Sources */,
				9DCE4EC119D4F349002664D9 /* CDTimeValueTransformer.m in Sources */,
				9D8F58FB1C1C7C7700826D8D /* SdFatUtil.cpp in Sources */,
				9DA685B219417089003631F6 /* LEDPatterns.cpp in Sources */,
				9D6408171C55C73D006D3083 /* CDNoWidthSplitView.swift in Sources */,
				9D8F58FE1C1CA9CD00826D8D /* FatFile.cpp in Sources */,
				9DA685B4194176B6003631F6 /* lib8tion.cpp in Sources */,
				9D1E1AE71C2DA292002BD920 /* CDTimelineTrackView.swift in Sources */,
				9D49CD491CB9E5E300C170A8 /* CDBorderedView.swift in Sources */,
				9DBD8047189B66FA00A6A067 /* CDPatternSequence.mm in Sources */,
				9DBE92D518ACE19900154550 /* CDCyrWheelView.mm in Sources */,
				9D500A2518BD88E8003BD8C2 /* CDEncodedColorTransformer.mm in Sources */,
				9D211A1E1C3A438A006A75FC /* CDPatternItemNames.m in Sources */,
				9DBD804A189C9FB200A6A067 /* CDPatternDataToImageTransformer.mm in Sources */,
				9D931EB01C33B4B70065222F /* CDTimelineTrackViewController.swift in Sources */,
				9D59B4FD1CBA1078007833CF /* CDTimecodeView.swift in Sources */,
				9D84FEBD1C65AF52004165A9 /* CDWheelPlayerSplitViewController.swift in Sources */,
				9D931EB41C35D0B80065222F /* CDPatternSequenceSplitViewController.swift in Sources */,
				9DBD8040189B525300A6A067 /* CDPatternItemViewController.mm in Sources */,
				9D7995C71C537DB8008D5818 /* CDPatternImagesOutlineViewController.swift in Sources */,
				9DBB2A7518A2F21A00C44C7C /* CDPatternSimulatorWindowController.mm in Sources */,
				9DD0BFAF1C4F2F1B00C1DA43 /* CDPatternSequenceProtocols.swift in Sources */,
				9DFBAC521888F03C00737C2F /* CDPatternItem.mm in Sources */,
				9DD0BFAD1C4F1DBB00C1DA43 /* CDPatternEditorBottomBar.swift in Sources */,
				9D4FCB33193C2E090000DE28 /* colorutils.cpp in Sources */,
				9D931EB61C35F91B0065222F /* CDSplitView.swift in Sources */,
				9D0EF1CA1BFEE1BD002C687E /* CDWheelConnectionViewController.swift in Sources */,
				9D84FEB91C643DFA004165A9 /* CDPatternImagesPlayerOutlineViewController.swift in Sources */,
				9D1612ED1C3CB0AD00B7A890 /* CDPatternRunner.mm in Sources */,
				9D97757F1C005BB3002D78EE /* CDWheelConnectionWindowController.swift in Sources */,
				9D683E2C1C0FF0AC0058EFA0 /* CDRolloverButton.swift in Sources */,
				9DB503931C7EAAA00079155D /* CDBaseOrientation.cpp in Sources */,
				9DA21BA21C3C9A200047E8C1 /* CDWheelPreviewViewController.swift in Sources */,
				9DE5C4DD1C698B7C00E0B96C /* CDEditorCyrWheelViewController.swift in Sources */,
				9DBEC63618A2FF0D00A05FB7 /* CWPatternSequenceManager.cpp in Sources */,
				9D4FCB30193C29DB0000DE28 /* CDSimulatorLEDPatterns.cpp in Sources */,
				9D47259E1CBAAB8800BCEE71 /* CDThemeColors.swift in Sources */,
				9D5855D01CB0449000971D64 /* CDDesktopWheelConnection.swift in Sources */,
				9D0EF1CD1BFEE406002C687E /* CDAppDelegate.swift in Sources */,
				9D9775811C0175C6002D78EE /* CDWheelConnectionChooserViewController.swift in Sources */,
				9DE5C4DB1C67AA0700E0B96C /* DarkOutlineView.swift in Sources */,
				9DBE92C618A9210800154550 /* CDPatternSimSequenceViewController.mm in Sources */,
				9D62EAAF1C332C1500BFB916 /* CDPatternEditorWindowController2.swift in Sources */,
				9DFBAC241888EDFC00737C2F /* CDDocument.mm in Sources */,
				9DE5C4D71C66590200E0B96C /* CDWheelPlayerDetailViewController.swift in Sources */,
				9DBEC64318A3071C00A05FB7 /* Arduino.cpp in Sources */,
				9D62EAB11C332C2D00BFB916 /* CDPatternEditorContentViewController.swift in Sources */,
			);
			runOnlyForDeploymentPostprocessing = 0;
		};
		9DFBAC301888EDFC00737C2F /* Sources */ = {
			isa = PBXSourcesBuildPhase;
			buildActionMask = 2147483647;
			files = (
				9DFBAC411888EDFC00737C2F /* CyrWheelPatternEditorTests.m in Sources */,
			);
			runOnlyForDeploymentPostprocessing = 0;
		};
/* End PBXSourcesBuildPhase section */

/* Begin PBXTargetDependency section */
		9DFBAC391888EDFC00737C2F /* PBXTargetDependency */ = {
			isa = PBXTargetDependency;
			target = 9DFBAC0C1888EDFC00737C2F /* CyrWheelPatternEditor */;
			targetProxy = 9DFBAC381888EDFC00737C2F /* PBXContainerItemProxy */;
		};
/* End PBXTargetDependency section */

/* Begin PBXVariantGroup section */
		9D9775791BFEEB9D002D78EE /* Main.storyboard */ = {
			isa = PBXVariantGroup;
			children = (
				9D97757A1BFEEB9D002D78EE /* Base */,
			);
			name = Main.storyboard;
			sourceTree = "<group>";
		};
		9DFBAC191888EDFC00737C2F /* InfoPlist.strings */ = {
			isa = PBXVariantGroup;
			children = (
				9DFBAC1A1888EDFC00737C2F /* en */,
			);
			name = InfoPlist.strings;
			sourceTree = "<group>";
		};
		9DFBAC1F1888EDFC00737C2F /* Credits.rtf */ = {
			isa = PBXVariantGroup;
			children = (
				9DFBAC201888EDFC00737C2F /* en */,
			);
			name = Credits.rtf;
			sourceTree = "<group>";
		};
		9DFBAC281888EDFC00737C2F /* MainMenu.xib */ = {
			isa = PBXVariantGroup;
			children = (
				9DFBAC291888EDFC00737C2F /* Base */,
			);
			name = MainMenu.xib;
			sourceTree = "<group>";
		};
		9DFBAC3D1888EDFC00737C2F /* InfoPlist.strings */ = {
			isa = PBXVariantGroup;
			children = (
				9DFBAC3E1888EDFC00737C2F /* en */,
			);
			name = InfoPlist.strings;
			sourceTree = "<group>";
		};
/* End PBXVariantGroup section */

/* Begin XCBuildConfiguration section */
		9DFBAC421888EDFC00737C2F /* Debug */ = {
			isa = XCBuildConfiguration;
			buildSettings = {
				ALWAYS_SEARCH_USER_PATHS = NO;
				CLANG_CXX_LANGUAGE_STANDARD = "gnu++0x";
				CLANG_CXX_LIBRARY = "libc++";
				CLANG_ENABLE_OBJC_ARC = YES;
				CLANG_WARN_BOOL_CONVERSION = YES;
				CLANG_WARN_CONSTANT_CONVERSION = YES;
				CLANG_WARN_DIRECT_OBJC_ISA_USAGE = YES_ERROR;
				CLANG_WARN_EMPTY_BODY = YES;
				CLANG_WARN_ENUM_CONVERSION = YES;
				CLANG_WARN_INT_CONVERSION = YES;
				CLANG_WARN_OBJC_ROOT_CLASS = YES_ERROR;
				CLANG_WARN__DUPLICATE_METHOD_MATCH = YES;
				COPY_PHASE_STRIP = NO;
				ENABLE_TESTABILITY = YES;
				GCC_C_LANGUAGE_STANDARD = gnu99;
				GCC_DYNAMIC_NO_PIC = NO;
				GCC_ENABLE_OBJC_EXCEPTIONS = YES;
				GCC_OPTIMIZATION_LEVEL = 0;
				GCC_PREPROCESSOR_DEFINITIONS = (
					"DEBUG=1",
					"$(inherited)",
				);
				GCC_SYMBOLS_PRIVATE_EXTERN = NO;
				GCC_WARN_64_TO_32_BIT_CONVERSION = YES;
				GCC_WARN_ABOUT_RETURN_TYPE = YES_ERROR;
				GCC_WARN_UNDECLARED_SELECTOR = YES;
				GCC_WARN_UNINITIALIZED_AUTOS = YES;
				GCC_WARN_UNUSED_FUNCTION = YES;
				GCC_WARN_UNUSED_VARIABLE = YES;
				MACOSX_DEPLOYMENT_TARGET = 10.11;
				ONLY_ACTIVE_ARCH = YES;
				OTHER_CFLAGS = "-DPATTERN_EDITOR";
				SDKROOT = macosx;
			};
			name = Debug;
		};
		9DFBAC431888EDFC00737C2F /* Release */ = {
			isa = XCBuildConfiguration;
			buildSettings = {
				ALWAYS_SEARCH_USER_PATHS = NO;
				CLANG_CXX_LANGUAGE_STANDARD = "gnu++0x";
				CLANG_CXX_LIBRARY = "libc++";
				CLANG_ENABLE_OBJC_ARC = YES;
				CLANG_WARN_BOOL_CONVERSION = YES;
				CLANG_WARN_CONSTANT_CONVERSION = YES;
				CLANG_WARN_DIRECT_OBJC_ISA_USAGE = YES_ERROR;
				CLANG_WARN_EMPTY_BODY = YES;
				CLANG_WARN_ENUM_CONVERSION = YES;
				CLANG_WARN_INT_CONVERSION = YES;
				CLANG_WARN_OBJC_ROOT_CLASS = YES_ERROR;
				CLANG_WARN__DUPLICATE_METHOD_MATCH = YES;
				COPY_PHASE_STRIP = YES;
				DEBUG_INFORMATION_FORMAT = "dwarf-with-dsym";
				ENABLE_NS_ASSERTIONS = NO;
				GCC_C_LANGUAGE_STANDARD = gnu99;
				GCC_ENABLE_OBJC_EXCEPTIONS = YES;
				GCC_WARN_64_TO_32_BIT_CONVERSION = YES;
				GCC_WARN_ABOUT_RETURN_TYPE = YES_ERROR;
				GCC_WARN_UNDECLARED_SELECTOR = YES;
				GCC_WARN_UNINITIALIZED_AUTOS = YES;
				GCC_WARN_UNUSED_FUNCTION = YES;
				GCC_WARN_UNUSED_VARIABLE = YES;
				MACOSX_DEPLOYMENT_TARGET = 10.11;
				OTHER_CFLAGS = "-DPATTERN_EDITOR";
				SDKROOT = macosx;
			};
			name = Release;
		};
		9DFBAC451888EDFC00737C2F /* Debug */ = {
			isa = XCBuildConfiguration;
			buildSettings = {
				ASSETCATALOG_COMPILER_APPICON_NAME = AppIcon;
				CLANG_ENABLE_MODULES = YES;
				COMBINE_HIDPI_IMAGES = YES;
				FRAMEWORK_SEARCH_PATHS = (
					"$(inherited)",
					"$(PROJECT_DIR)/CyrWheelPatternEditor",
				);
				GCC_PRECOMPILE_PREFIX_HEADER = YES;
				GCC_PREFIX_HEADER = "CyrWheelPatternEditor/CyrWheelPatternEditor-Prefix.pch";
				INFOPLIST_FILE = "CyrWheelPatternEditor/CyrWheelPatternEditor-Info.plist";
				LD_RUNPATH_SEARCH_PATHS = "@loader_path/../Frameworks";
				OTHER_CFLAGS = (
					"-DPATTERN_EDITOR",
					"-Wno-deprecated-register",
					"-DACCELEROMETER=0",
				);
				PRODUCT_BUNDLE_IDENTIFIER = "com.corbinstreehouse.${PRODUCT_NAME:rfc1034identifier}";
				PRODUCT_NAME = "$(TARGET_NAME)";
				SDKROOT = macosx;
				SWIFT_OBJC_BRIDGING_HEADER = "CyrWheelPatternEditor/CyrWheelPatternEditor-Bridging-Header.h";
				SWIFT_OPTIMIZATION_LEVEL = "-Onone";
				WRAPPER_EXTENSION = app;
			};
			name = Debug;
		};
		9DFBAC461888EDFC00737C2F /* Release */ = {
			isa = XCBuildConfiguration;
			buildSettings = {
				ASSETCATALOG_COMPILER_APPICON_NAME = AppIcon;
				CLANG_ENABLE_MODULES = YES;
				COMBINE_HIDPI_IMAGES = YES;
				FRAMEWORK_SEARCH_PATHS = (
					"$(inherited)",
					"$(PROJECT_DIR)/CyrWheelPatternEditor",
				);
				GCC_PRECOMPILE_PREFIX_HEADER = YES;
				GCC_PREFIX_HEADER = "CyrWheelPatternEditor/CyrWheelPatternEditor-Prefix.pch";
				INFOPLIST_FILE = "CyrWheelPatternEditor/CyrWheelPatternEditor-Info.plist";
				LD_RUNPATH_SEARCH_PATHS = "@loader_path/../Frameworks";
				OTHER_CFLAGS = (
					"-DPATTERN_EDITOR",
					"-Wno-deprecated-register",
					"-DACCELEROMETER=0",
				);
				PRODUCT_BUNDLE_IDENTIFIER = "com.corbinstreehouse.${PRODUCT_NAME:rfc1034identifier}";
				PRODUCT_NAME = "$(TARGET_NAME)";
				SDKROOT = macosx;
				SWIFT_OBJC_BRIDGING_HEADER = "CyrWheelPatternEditor/CyrWheelPatternEditor-Bridging-Header.h";
				WRAPPER_EXTENSION = app;
			};
			name = Release;
		};
		9DFBAC481888EDFC00737C2F /* Debug */ = {
			isa = XCBuildConfiguration;
			buildSettings = {
				BUNDLE_LOADER = "$(BUILT_PRODUCTS_DIR)/CyrWheelPatternEditor.app/Contents/MacOS/CyrWheelPatternEditor";
				COMBINE_HIDPI_IMAGES = YES;
				FRAMEWORK_SEARCH_PATHS = (
					"$(DEVELOPER_FRAMEWORKS_DIR)",
					"$(inherited)",
				);
				GCC_PRECOMPILE_PREFIX_HEADER = YES;
				GCC_PREFIX_HEADER = "CyrWheelPatternEditor/CyrWheelPatternEditor-Prefix.pch";
				GCC_PREPROCESSOR_DEFINITIONS = (
					"DEBUG=1",
					"$(inherited)",
				);
				INFOPLIST_FILE = "CyrWheelPatternEditorTests/CyrWheelPatternEditorTests-Info.plist";
				PRODUCT_BUNDLE_IDENTIFIER = "com.corbinstreehouse.${PRODUCT_NAME:rfc1034identifier}";
				PRODUCT_NAME = "$(TARGET_NAME)";
				TEST_HOST = "$(BUNDLE_LOADER)";
				WRAPPER_EXTENSION = xctest;
			};
			name = Debug;
		};
		9DFBAC491888EDFC00737C2F /* Release */ = {
			isa = XCBuildConfiguration;
			buildSettings = {
				BUNDLE_LOADER = "$(BUILT_PRODUCTS_DIR)/CyrWheelPatternEditor.app/Contents/MacOS/CyrWheelPatternEditor";
				COMBINE_HIDPI_IMAGES = YES;
				FRAMEWORK_SEARCH_PATHS = (
					"$(DEVELOPER_FRAMEWORKS_DIR)",
					"$(inherited)",
				);
				GCC_PRECOMPILE_PREFIX_HEADER = YES;
				GCC_PREFIX_HEADER = "CyrWheelPatternEditor/CyrWheelPatternEditor-Prefix.pch";
				INFOPLIST_FILE = "CyrWheelPatternEditorTests/CyrWheelPatternEditorTests-Info.plist";
				PRODUCT_BUNDLE_IDENTIFIER = "com.corbinstreehouse.${PRODUCT_NAME:rfc1034identifier}";
				PRODUCT_NAME = "$(TARGET_NAME)";
				TEST_HOST = "$(BUNDLE_LOADER)";
				WRAPPER_EXTENSION = xctest;
			};
			name = Release;
		};
/* End XCBuildConfiguration section */

/* Begin XCConfigurationList section */
		9DFBAC081888EDFC00737C2F /* Build configuration list for PBXProject "CyrWheelPatternEditor" */ = {
			isa = XCConfigurationList;
			buildConfigurations = (
				9DFBAC421888EDFC00737C2F /* Debug */,
				9DFBAC431888EDFC00737C2F /* Release */,
			);
			defaultConfigurationIsVisible = 0;
			defaultConfigurationName = Release;
		};
		9DFBAC441888EDFC00737C2F /* Build configuration list for PBXNativeTarget "CyrWheelPatternEditor" */ = {
			isa = XCConfigurationList;
			buildConfigurations = (
				9DFBAC451888EDFC00737C2F /* Debug */,
				9DFBAC461888EDFC00737C2F /* Release */,
			);
			defaultConfigurationIsVisible = 0;
			defaultConfigurationName = Release;
		};
		9DFBAC471888EDFC00737C2F /* Build configuration list for PBXNativeTarget "CyrWheelPatternEditorTests" */ = {
			isa = XCConfigurationList;
			buildConfigurations = (
				9DFBAC481888EDFC00737C2F /* Debug */,
				9DFBAC491888EDFC00737C2F /* Release */,
			);
			defaultConfigurationIsVisible = 0;
			defaultConfigurationName = Release;
		};
/* End XCConfigurationList section */

/* Begin XCVersionGroup section */
		9DFBAC2B1888EDFC00737C2F /* CDDocument.xcdatamodeld */ = {
			isa = XCVersionGroup;
			children = (
				9D1CFBCE1C5BEDB6008694E7 /* CDDocument5.xcdatamodel */,
				9DBB9C2A1C4F578900E2D0E7 /* CDDocument4.xcdatamodel */,
				9DCE4EBC19D3B01B002664D9 /* CDDocument3.xcdatamodel */,
				9DD394D8191EDE3000B77A4F /* CDDocument2.xcdatamodel */,
				9DFBAC2C1888EDFC00737C2F /* CDDocument.xcdatamodel */,
			);
			currentVersion = 9D1CFBCE1C5BEDB6008694E7 /* CDDocument5.xcdatamodel */;
			path = CDDocument.xcdatamodeld;
			sourceTree = "<group>";
			versionGroupType = wrapper.xcdatamodel;
		};
/* End XCVersionGroup section */
	};
	rootObject = 9DFBAC051888EDFC00737C2F /* Project object */;
}
